// !$*UTF8*$!
{
	archiveVersion = 1;
	classes = {
	};
	objectVersion = 50;
	objects = {

/* Begin PBXBuildFile section */
		A72BAACF2232B1EB00FC61F5 /* AppDelegate.m in Sources */ = {isa = PBXBuildFile; fileRef = A72BAACE2232B1EB00FC61F5 /* AppDelegate.m */; };
		A72BAAD22232B1EB00FC61F5 /* ViewController.m in Sources */ = {isa = PBXBuildFile; fileRef = A72BAAD12232B1EB00FC61F5 /* ViewController.m */; };
		A72BAAD42232B1ED00FC61F5 /* Assets.xcassets in Resources */ = {isa = PBXBuildFile; fileRef = A72BAAD32232B1ED00FC61F5 /* Assets.xcassets */; };
		A72BAAD72232B1ED00FC61F5 /* Main.storyboard in Resources */ = {isa = PBXBuildFile; fileRef = A72BAAD52232B1ED00FC61F5 /* Main.storyboard */; };
		A72BAADA2232B1ED00FC61F5 /* main.m in Sources */ = {isa = PBXBuildFile; fileRef = A72BAAD92232B1ED00FC61F5 /* main.m */; };
		A72BAAE52232B1ED00FC61F5 /* CloseInnerScreenAppTests.m in Sources */ = {isa = PBXBuildFile; fileRef = A72BAAE42232B1ED00FC61F5 /* CloseInnerScreenAppTests.m */; };
		A72BAAF02232B1ED00FC61F5 /* CloseInnerScreenAppUITests.m in Sources */ = {isa = PBXBuildFile; fileRef = A72BAAEF2232B1ED00FC61F5 /* CloseInnerScreenAppUITests.m */; };
/* End PBXBuildFile section */

/* Begin PBXContainerItemProxy section */
		A72BAAE12232B1ED00FC61F5 /* PBXContainerItemProxy */ = {
			isa = PBXContainerItemProxy;
			containerPortal = A72BAAA22232B03700FC61F5 /* Project object */;
			proxyType = 1;
			remoteGlobalIDString = A72BAACA2232B1EB00FC61F5;
			remoteInfo = CloseInnerScreenApp;
		};
		A72BAAEC2232B1ED00FC61F5 /* PBXContainerItemProxy */ = {
			isa = PBXContainerItemProxy;
			containerPortal = A72BAAA22232B03700FC61F5 /* Project object */;
			proxyType = 1;
			remoteGlobalIDString = A72BAACA2232B1EB00FC61F5;
			remoteInfo = CloseInnerScreenApp;
		};
/* End PBXContainerItemProxy section */

/* Begin PBXFileReference section */
		A72BAACB2232B1EB00FC61F5 /* CloseInnerScreen.app */ = {isa = PBXFileReference; explicitFileType = wrapper.application; includeInIndex = 0; path = CloseInnerScreen.app; sourceTree = BUILT_PRODUCTS_DIR; };
		A72BAACD2232B1EB00FC61F5 /* AppDelegate.h */ = {isa = PBXFileReference; lastKnownFileType = sourcecode.c.h; path = AppDelegate.h; sourceTree = "<group>"; };
		A72BAACE2232B1EB00FC61F5 /* AppDelegate.m */ = {isa = PBXFileReference; lastKnownFileType = sourcecode.c.objc; path = AppDelegate.m; sourceTree = "<group>"; };
		A72BAAD02232B1EB00FC61F5 /* ViewController.h */ = {isa = PBXFileReference; lastKnownFileType = sourcecode.c.h; path = ViewController.h; sourceTree = "<group>"; };
		A72BAAD12232B1EB00FC61F5 /* ViewController.m */ = {isa = PBXFileReference; lastKnownFileType = sourcecode.c.objc; path = ViewController.m; sourceTree = "<group>"; };
		A72BAAD32232B1ED00FC61F5 /* Assets.xcassets */ = {isa = PBXFileReference; lastKnownFileType = folder.assetcatalog; path = Assets.xcassets; sourceTree = "<group>"; };
		A72BAAD62232B1ED00FC61F5 /* Base */ = {isa = PBXFileReference; lastKnownFileType = file.storyboard; name = Base; path = Base.lproj/Main.storyboard; sourceTree = "<group>"; };
		A72BAAD82232B1ED00FC61F5 /* Info.plist */ = {isa = PBXFileReference; lastKnownFileType = text.plist.xml; path = Info.plist; sourceTree = "<group>"; };
		A72BAAD92232B1ED00FC61F5 /* main.m */ = {isa = PBXFileReference; lastKnownFileType = sourcecode.c.objc; path = main.m; sourceTree = "<group>"; };
		A72BAADB2232B1ED00FC61F5 /* CloseInnerScreenApp.entitlements */ = {isa = PBXFileReference; lastKnownFileType = text.plist.entitlements; path = CloseInnerScreenApp.entitlements; sourceTree = "<group>"; };
		A72BAAE02232B1ED00FC61F5 /* CloseInnerScreenAppTests.xctest */ = {isa = PBXFileReference; explicitFileType = wrapper.cfbundle; includeInIndex = 0; path = CloseInnerScreenAppTests.xctest; sourceTree = BUILT_PRODUCTS_DIR; };
		A72BAAE42232B1ED00FC61F5 /* CloseInnerScreenAppTests.m */ = {isa = PBXFileReference; lastKnownFileType = sourcecode.c.objc; path = CloseInnerScreenAppTests.m; sourceTree = "<group>"; };
		A72BAAE62232B1ED00FC61F5 /* Info.plist */ = {isa = PBXFileReference; lastKnownFileType = text.plist.xml; path = Info.plist; sourceTree = "<group>"; };
		A72BAAEB2232B1ED00FC61F5 /* CloseInnerScreenAppUITests.xctest */ = {isa = PBXFileReference; explicitFileType = wrapper.cfbundle; includeInIndex = 0; path = CloseInnerScreenAppUITests.xctest; sourceTree = BUILT_PRODUCTS_DIR; };
		A72BAAEF2232B1ED00FC61F5 /* CloseInnerScreenAppUITests.m */ = {isa = PBXFileReference; lastKnownFileType = sourcecode.c.objc; path = CloseInnerScreenAppUITests.m; sourceTree = "<group>"; };
		A72BAAF12232B1ED00FC61F5 /* Info.plist */ = {isa = PBXFileReference; lastKnownFileType = text.plist.xml; path = Info.plist; sourceTree = "<group>"; };
		A786F3212233905800456D14 /* README.md */ = {isa = PBXFileReference; lastKnownFileType = net.daringfireball.markdown; path = README.md; sourceTree = "<group>"; };
/* End PBXFileReference section */

/* Begin PBXFrameworksBuildPhase section */
		A72BAAC82232B1EB00FC61F5 /* Frameworks */ = {
			isa = PBXFrameworksBuildPhase;
			buildActionMask = 2147483647;
			files = (
			);
			runOnlyForDeploymentPostprocessing = 0;
		};
		A72BAADD2232B1ED00FC61F5 /* Frameworks */ = {
			isa = PBXFrameworksBuildPhase;
			buildActionMask = 2147483647;
			files = (
			);
			runOnlyForDeploymentPostprocessing = 0;
		};
		A72BAAE82232B1ED00FC61F5 /* Frameworks */ = {
			isa = PBXFrameworksBuildPhase;
			buildActionMask = 2147483647;
			files = (
			);
			runOnlyForDeploymentPostprocessing = 0;
		};
/* End PBXFrameworksBuildPhase section */

/* Begin PBXGroup section */
		A72BAAA12232B03700FC61F5 = {
			isa = PBXGroup;
			children = (
				A786F3212233905800456D14 /* README.md */,
				A72BAACC2232B1EB00FC61F5 /* CloseInnerScreenApp */,
				A72BAAE32232B1ED00FC61F5 /* CloseInnerScreenAppTests */,
				A72BAAEE2232B1ED00FC61F5 /* CloseInnerScreenAppUITests */,
				A72BAAAC2232B03700FC61F5 /* Products */,
			);
			sourceTree = "<group>";
		};
		A72BAAAC2232B03700FC61F5 /* Products */ = {
			isa = PBXGroup;
			children = (
				A72BAACB2232B1EB00FC61F5 /* CloseInnerScreen.app */,
				A72BAAE02232B1ED00FC61F5 /* CloseInnerScreenAppTests.xctest */,
				A72BAAEB2232B1ED00FC61F5 /* CloseInnerScreenAppUITests.xctest */,
			);
			name = Products;
			sourceTree = "<group>";
		};
		A72BAACC2232B1EB00FC61F5 /* CloseInnerScreenApp */ = {
			isa = PBXGroup;
			children = (
				A72BAACD2232B1EB00FC61F5 /* AppDelegate.h */,
				A72BAACE2232B1EB00FC61F5 /* AppDelegate.m */,
				A72BAAD02232B1EB00FC61F5 /* ViewController.h */,
				A72BAAD12232B1EB00FC61F5 /* ViewController.m */,
				A72BAAD32232B1ED00FC61F5 /* Assets.xcassets */,
				A72BAAD52232B1ED00FC61F5 /* Main.storyboard */,
				A72BAAD82232B1ED00FC61F5 /* Info.plist */,
				A72BAAD92232B1ED00FC61F5 /* main.m */,
				A72BAADB2232B1ED00FC61F5 /* CloseInnerScreenApp.entitlements */,
			);
			path = CloseInnerScreenApp;
			sourceTree = "<group>";
		};
		A72BAAE32232B1ED00FC61F5 /* CloseInnerScreenAppTests */ = {
			isa = PBXGroup;
			children = (
				A72BAAE42232B1ED00FC61F5 /* CloseInnerScreenAppTests.m */,
				A72BAAE62232B1ED00FC61F5 /* Info.plist */,
			);
			path = CloseInnerScreenAppTests;
			sourceTree = "<group>";
		};
		A72BAAEE2232B1ED00FC61F5 /* CloseInnerScreenAppUITests */ = {
			isa = PBXGroup;
			children = (
				A72BAAEF2232B1ED00FC61F5 /* CloseInnerScreenAppUITests.m */,
				A72BAAF12232B1ED00FC61F5 /* Info.plist */,
			);
			path = CloseInnerScreenAppUITests;
			sourceTree = "<group>";
		};
/* End PBXGroup section */

/* Begin PBXNativeTarget section */
		A72BAACA2232B1EB00FC61F5 /* CloseInnerScreen */ = {
			isa = PBXNativeTarget;
			buildConfigurationList = A72BAAF22232B1ED00FC61F5 /* Build configuration list for PBXNativeTarget "CloseInnerScreen" */;
			buildPhases = (
				A72BAAC72232B1EB00FC61F5 /* Sources */,
				A72BAAC82232B1EB00FC61F5 /* Frameworks */,
				A72BAAC92232B1EB00FC61F5 /* Resources */,
			);
			buildRules = (
			);
			dependencies = (
			);
			name = CloseInnerScreen;
			productName = CloseInnerScreenApp;
			productReference = A72BAACB2232B1EB00FC61F5 /* CloseInnerScreen.app */;
			productType = "com.apple.product-type.application";
		};
		A72BAADF2232B1ED00FC61F5 /* CloseInnerScreenAppTests */ = {
			isa = PBXNativeTarget;
			buildConfigurationList = A72BAAF52232B1ED00FC61F5 /* Build configuration list for PBXNativeTarget "CloseInnerScreenAppTests" */;
			buildPhases = (
				A72BAADC2232B1ED00FC61F5 /* Sources */,
				A72BAADD2232B1ED00FC61F5 /* Frameworks */,
				A72BAADE2232B1ED00FC61F5 /* Resources */,
			);
			buildRules = (
			);
			dependencies = (
				A72BAAE22232B1ED00FC61F5 /* PBXTargetDependency */,
			);
			name = CloseInnerScreenAppTests;
			productName = CloseInnerScreenAppTests;
			productReference = A72BAAE02232B1ED00FC61F5 /* CloseInnerScreenAppTests.xctest */;
			productType = "com.apple.product-type.bundle.unit-test";
		};
		A72BAAEA2232B1ED00FC61F5 /* CloseInnerScreenAppUITests */ = {
			isa = PBXNativeTarget;
			buildConfigurationList = A72BAAF82232B1ED00FC61F5 /* Build configuration list for PBXNativeTarget "CloseInnerScreenAppUITests" */;
			buildPhases = (
				A72BAAE72232B1ED00FC61F5 /* Sources */,
				A72BAAE82232B1ED00FC61F5 /* Frameworks */,
				A72BAAE92232B1ED00FC61F5 /* Resources */,
			);
			buildRules = (
			);
			dependencies = (
				A72BAAED2232B1ED00FC61F5 /* PBXTargetDependency */,
			);
			name = CloseInnerScreenAppUITests;
			productName = CloseInnerScreenAppUITests;
			productReference = A72BAAEB2232B1ED00FC61F5 /* CloseInnerScreenAppUITests.xctest */;
			productType = "com.apple.product-type.bundle.ui-testing";
		};
/* End PBXNativeTarget section */

/* Begin PBXProject section */
		A72BAAA22232B03700FC61F5 /* Project object */ = {
			isa = PBXProject;
			attributes = {
				LastUpgradeCheck = 1010;
				ORGANIZATIONNAME = weixin;
				TargetAttributes = {
					A72BAACA2232B1EB00FC61F5 = {
						CreatedOnToolsVersion = 10.1;
					};
					A72BAADF2232B1ED00FC61F5 = {
						CreatedOnToolsVersion = 10.1;
						TestTargetID = A72BAACA2232B1EB00FC61F5;
					};
					A72BAAEA2232B1ED00FC61F5 = {
						CreatedOnToolsVersion = 10.1;
						TestTargetID = A72BAACA2232B1EB00FC61F5;
					};
				};
			};
			buildConfigurationList = A72BAAA52232B03700FC61F5 /* Build configuration list for PBXProject "CloseInnerScreen" */;
			compatibilityVersion = "Xcode 9.3";
			developmentRegion = en;
			hasScannedForEncodings = 0;
			knownRegions = (
				en,
				Base,
			);
			mainGroup = A72BAAA12232B03700FC61F5;
			productRefGroup = A72BAAAC2232B03700FC61F5 /* Products */;
			projectDirPath = "";
			projectRoot = "";
			targets = (
				A72BAACA2232B1EB00FC61F5 /* CloseInnerScreen */,
				A72BAADF2232B1ED00FC61F5 /* CloseInnerScreenAppTests */,
				A72BAAEA2232B1ED00FC61F5 /* CloseInnerScreenAppUITests */,
			);
		};
/* End PBXProject section */

/* Begin PBXResourcesBuildPhase section */
		A72BAAC92232B1EB00FC61F5 /* Resources */ = {
			isa = PBXResourcesBuildPhase;
			buildActionMask = 2147483647;
			files = (
				A72BAAD42232B1ED00FC61F5 /* Assets.xcassets in Resources */,
				A72BAAD72232B1ED00FC61F5 /* Main.storyboard in Resources */,
			);
			runOnlyForDeploymentPostprocessing = 0;
		};
		A72BAADE2232B1ED00FC61F5 /* Resources */ = {
			isa = PBXResourcesBuildPhase;
			buildActionMask = 2147483647;
			files = (
			);
			runOnlyForDeploymentPostprocessing = 0;
		};
		A72BAAE92232B1ED00FC61F5 /* Resources */ = {
			isa = PBXResourcesBuildPhase;
			buildActionMask = 2147483647;
			files = (
			);
			runOnlyForDeploymentPostprocessing = 0;
		};
/* End PBXResourcesBuildPhase section */

/* Begin PBXSourcesBuildPhase section */
		A72BAAC72232B1EB00FC61F5 /* Sources */ = {
			isa = PBXSourcesBuildPhase;
			buildActionMask = 2147483647;
			files = (
				A72BAAD22232B1EB00FC61F5 /* ViewController.m in Sources */,
				A72BAADA2232B1ED00FC61F5 /* main.m in Sources */,
				A72BAACF2232B1EB00FC61F5 /* AppDelegate.m in Sources */,
			);
			runOnlyForDeploymentPostprocessing = 0;
		};
		A72BAADC2232B1ED00FC61F5 /* Sources */ = {
			isa = PBXSourcesBuildPhase;
			buildActionMask = 2147483647;
			files = (
				A72BAAE52232B1ED00FC61F5 /* CloseInnerScreenAppTests.m in Sources */,
			);
			runOnlyForDeploymentPostprocessing = 0;
		};
		A72BAAE72232B1ED00FC61F5 /* Sources */ = {
			isa = PBXSourcesBuildPhase;
			buildActionMask = 2147483647;
			files = (
				A72BAAF02232B1ED00FC61F5 /* CloseInnerScreenAppUITests.m in Sources */,
			);
			runOnlyForDeploymentPostprocessing = 0;
		};
/* End PBXSourcesBuildPhase section */

/* Begin PBXTargetDependency section */
		A72BAAE22232B1ED00FC61F5 /* PBXTargetDependency */ = {
			isa = PBXTargetDependency;
			target = A72BAACA2232B1EB00FC61F5 /* CloseInnerScreen */;
			targetProxy = A72BAAE12232B1ED00FC61F5 /* PBXContainerItemProxy */;
		};
		A72BAAED2232B1ED00FC61F5 /* PBXTargetDependency */ = {
			isa = PBXTargetDependency;
			target = A72BAACA2232B1EB00FC61F5 /* CloseInnerScreen */;
			targetProxy = A72BAAEC2232B1ED00FC61F5 /* PBXContainerItemProxy */;
		};
/* End PBXTargetDependency section */

/* Begin PBXVariantGroup section */
		A72BAAD52232B1ED00FC61F5 /* Main.storyboard */ = {
			isa = PBXVariantGroup;
			children = (
				A72BAAD62232B1ED00FC61F5 /* Base */,
			);
			name = Main.storyboard;
			sourceTree = "<group>";
		};
/* End PBXVariantGroup section */

/* Begin XCBuildConfiguration section */
		A72BAAB32232B03700FC61F5 /* Debug */ = {
			isa = XCBuildConfiguration;
			buildSettings = {
				ALWAYS_SEARCH_USER_PATHS = NO;
				CLANG_ANALYZER_NONNULL = YES;
				CLANG_ANALYZER_NUMBER_OBJECT_CONVERSION = YES_AGGRESSIVE;
				CLANG_CXX_LANGUAGE_STANDARD = "gnu++14";
				CLANG_CXX_LIBRARY = "libc++";
				CLANG_ENABLE_MODULES = YES;
				CLANG_ENABLE_OBJC_ARC = YES;
				CLANG_ENABLE_OBJC_WEAK = YES;
				CLANG_WARN_BLOCK_CAPTURE_AUTORELEASING = YES;
				CLANG_WARN_BOOL_CONVERSION = YES;
				CLANG_WARN_COMMA = YES;
				CLANG_WARN_CONSTANT_CONVERSION = YES;
				CLANG_WARN_DEPRECATED_OBJC_IMPLEMENTATIONS = YES;
				CLANG_WARN_DIRECT_OBJC_ISA_USAGE = YES_ERROR;
				CLANG_WARN_DOCUMENTATION_COMMENTS = YES;
				CLANG_WARN_EMPTY_BODY = YES;
				CLANG_WARN_ENUM_CONVERSION = YES;
				CLANG_WARN_INFINITE_RECURSION = YES;
				CLANG_WARN_INT_CONVERSION = YES;
				CLANG_WARN_NON_LITERAL_NULL_CONVERSION = YES;
				CLANG_WARN_OBJC_IMPLICIT_RETAIN_SELF = YES;
				CLANG_WARN_OBJC_LITERAL_CONVERSION = YES;
				CLANG_WARN_OBJC_ROOT_CLASS = YES_ERROR;
				CLANG_WARN_RANGE_LOOP_ANALYSIS = YES;
				CLANG_WARN_STRICT_PROTOTYPES = YES;
				CLANG_WARN_SUSPICIOUS_MOVE = YES;
				CLANG_WARN_UNGUARDED_AVAILABILITY = YES_AGGRESSIVE;
				CLANG_WARN_UNREACHABLE_CODE = YES;
				CLANG_WARN__DUPLICATE_METHOD_MATCH = YES;
				CODE_SIGN_IDENTITY = "-";
				COPY_PHASE_STRIP = NO;
				DEBUG_INFORMATION_FORMAT = dwarf;
				ENABLE_STRICT_OBJC_MSGSEND = YES;
				ENABLE_TESTABILITY = YES;
				GCC_C_LANGUAGE_STANDARD = gnu11;
				GCC_DYNAMIC_NO_PIC = NO;
				GCC_NO_COMMON_BLOCKS = YES;
				GCC_OPTIMIZATION_LEVEL = 0;
				GCC_PREPROCESSOR_DEFINITIONS = (
					"DEBUG=1",
					"$(inherited)",
				);
				GCC_WARN_64_TO_32_BIT_CONVERSION = YES;
				GCC_WARN_ABOUT_RETURN_TYPE = YES_ERROR;
				GCC_WARN_UNDECLARED_SELECTOR = YES;
				GCC_WARN_UNINITIALIZED_AUTOS = YES_AGGRESSIVE;
				GCC_WARN_UNUSED_FUNCTION = YES;
				GCC_WARN_UNUSED_VARIABLE = YES;
				MACOSX_DEPLOYMENT_TARGET = 10.14;
				MTL_ENABLE_DEBUG_INFO = INCLUDE_SOURCE;
				MTL_FAST_MATH = YES;
				ONLY_ACTIVE_ARCH = YES;
				SDKROOT = macosx;
			};
			name = Debug;
		};
		A72BAAB42232B03700FC61F5 /* Release */ = {
			isa = XCBuildConfiguration;
			buildSettings = {
				ALWAYS_SEARCH_USER_PATHS = NO;
				CLANG_ANALYZER_NONNULL = YES;
				CLANG_ANALYZER_NUMBER_OBJECT_CONVERSION = YES_AGGRESSIVE;
				CLANG_CXX_LANGUAGE_STANDARD = "gnu++14";
				CLANG_CXX_LIBRARY = "libc++";
				CLANG_ENABLE_MODULES = YES;
				CLANG_ENABLE_OBJC_ARC = YES;
				CLANG_ENABLE_OBJC_WEAK = YES;
				CLANG_WARN_BLOCK_CAPTURE_AUTORELEASING = YES;
				CLANG_WARN_BOOL_CONVERSION = YES;
				CLANG_WARN_COMMA = YES;
				CLANG_WARN_CONSTANT_CONVERSION = YES;
				CLANG_WARN_DEPRECATED_OBJC_IMPLEMENTATIONS = YES;
				CLANG_WARN_DIRECT_OBJC_ISA_USAGE = YES_ERROR;
				CLANG_WARN_DOCUMENTATION_COMMENTS = YES;
				CLANG_WARN_EMPTY_BODY = YES;
				CLANG_WARN_ENUM_CONVERSION = YES;
				CLANG_WARN_INFINITE_RECURSION = YES;
				CLANG_WARN_INT_CONVERSION = YES;
				CLANG_WARN_NON_LITERAL_NULL_CONVERSION = YES;
				CLANG_WARN_OBJC_IMPLICIT_RETAIN_SELF = YES;
				CLANG_WARN_OBJC_LITERAL_CONVERSION = YES;
				CLANG_WARN_OBJC_ROOT_CLASS = YES_ERROR;
				CLANG_WARN_RANGE_LOOP_ANALYSIS = YES;
				CLANG_WARN_STRICT_PROTOTYPES = YES;
				CLANG_WARN_SUSPICIOUS_MOVE = YES;
				CLANG_WARN_UNGUARDED_AVAILABILITY = YES_AGGRESSIVE;
				CLANG_WARN_UNREACHABLE_CODE = YES;
				CLANG_WARN__DUPLICATE_METHOD_MATCH = YES;
				CODE_SIGN_IDENTITY = "-";
				COPY_PHASE_STRIP = NO;
				DEBUG_INFORMATION_FORMAT = "dwarf-with-dsym";
				ENABLE_NS_ASSERTIONS = NO;
				ENABLE_STRICT_OBJC_MSGSEND = YES;
				GCC_C_LANGUAGE_STANDARD = gnu11;
				GCC_NO_COMMON_BLOCKS = YES;
				GCC_WARN_64_TO_32_BIT_CONVERSION = YES;
				GCC_WARN_ABOUT_RETURN_TYPE = YES_ERROR;
				GCC_WARN_UNDECLARED_SELECTOR = YES;
				GCC_WARN_UNINITIALIZED_AUTOS = YES_AGGRESSIVE;
				GCC_WARN_UNUSED_FUNCTION = YES;
				GCC_WARN_UNUSED_VARIABLE = YES;
				MACOSX_DEPLOYMENT_TARGET = 10.14;
				MTL_ENABLE_DEBUG_INFO = NO;
				MTL_FAST_MATH = YES;
				SDKROOT = macosx;
			};
			name = Release;
		};
		A72BAAF32232B1ED00FC61F5 /* Debug */ = {
			isa = XCBuildConfiguration;
			buildSettings = {
				ASSETCATALOG_COMPILER_APPICON_NAME = AppIcon;
				CODE_SIGN_ENTITLEMENTS = CloseInnerScreenApp/CloseInnerScreenApp.entitlements;
				CODE_SIGN_STYLE = Automatic;
				COMBINE_HIDPI_IMAGES = YES;
				INFOPLIST_FILE = CloseInnerScreenApp/Info.plist;
				LD_RUNPATH_SEARCH_PATHS = (
					"$(inherited)",
					"@executable_path/../Frameworks",
				);
				PRODUCT_BUNDLE_IDENTIFIER = me.yaha.CloseInnerScreenApp;
				PRODUCT_NAME = "$(TARGET_NAME)";
			};
			name = Debug;
		};
		A72BAAF42232B1ED00FC61F5 /* Release */ = {
			isa = XCBuildConfiguration;
			buildSettings = {
				ASSETCATALOG_COMPILER_APPICON_NAME = AppIcon;
				CODE_SIGN_ENTITLEMENTS = CloseInnerScreenApp/CloseInnerScreenApp.entitlements;
				CODE_SIGN_STYLE = Automatic;
				COMBINE_HIDPI_IMAGES = YES;
				INFOPLIST_FILE = CloseInnerScreenApp/Info.plist;
				LD_RUNPATH_SEARCH_PATHS = (
					"$(inherited)",
					"@executable_path/../Frameworks",
				);
				PRODUCT_BUNDLE_IDENTIFIER = me.yaha.CloseInnerScreenApp;
				PRODUCT_NAME = "$(TARGET_NAME)";
			};
			name = Release;
		};
		A72BAAF62232B1ED00FC61F5 /* Debug */ = {
			isa = XCBuildConfiguration;
			buildSettings = {
				BUNDLE_LOADER = "$(TEST_HOST)";
				CODE_SIGN_STYLE = Automatic;
				COMBINE_HIDPI_IMAGES = YES;
				INFOPLIST_FILE = CloseInnerScreenAppTests/Info.plist;
				LD_RUNPATH_SEARCH_PATHS = (
					"$(inherited)",
					"@executable_path/../Frameworks",
					"@loader_path/../Frameworks",
				);
				PRODUCT_BUNDLE_IDENTIFIER = me.yaha.CloseInnerScreenAppTests;
				PRODUCT_NAME = "$(TARGET_NAME)";
				TEST_HOST = "$(BUILT_PRODUCTS_DIR)/CloseInnerScreenApp.app/Contents/MacOS/CloseInnerScreenApp";
			};
			name = Debug;
		};
		A72BAAF72232B1ED00FC61F5 /* Release */ = {
			isa = XCBuildConfiguration;
			buildSettings = {
				BUNDLE_LOADER = "$(TEST_HOST)";
				CODE_SIGN_STYLE = Automatic;
				COMBINE_HIDPI_IMAGES = YES;
				INFOPLIST_FILE = CloseInnerScreenAppTests/Info.plist;
				LD_RUNPATH_SEARCH_PATHS = (
					"$(inherited)",
					"@executable_path/../Frameworks",
					"@loader_path/../Frameworks",
				);
				PRODUCT_BUNDLE_IDENTIFIER = me.yaha.CloseInnerScreenAppTests;
				PRODUCT_NAME = "$(TARGET_NAME)";
				TEST_HOST = "$(BUILT_PRODUCTS_DIR)/CloseInnerScreenApp.app/Contents/MacOS/CloseInnerScreenApp";
			};
			name = Release;
		};
		A72BAAF92232B1ED00FC61F5 /* Debug */ = {
			isa = XCBuildConfiguration;
			buildSettings = {
				CODE_SIGN_STYLE = Automatic;
				COMBINE_HIDPI_IMAGES = YES;
				INFOPLIST_FILE = CloseInnerScreenAppUITests/Info.plist;
				LD_RUNPATH_SEARCH_PATHS = (
					"$(inherited)",
					"@executable_path/../Frameworks",
					"@loader_path/../Frameworks",
				);
				PRODUCT_BUNDLE_IDENTIFIER = me.yaha.CloseInnerScreenAppUITests;
				PRODUCT_NAME = "$(TARGET_NAME)";
				TEST_TARGET_NAME = CloseInnerScreenApp;
			};
			name = Debug;
		};
		A72BAAFA2232B1ED00FC61F5 /* Release */ = {
			isa = XCBuildConfiguration;
			buildSettings = {
				CODE_SIGN_STYLE = Automatic;
				COMBINE_HIDPI_IMAGES = YES;
				INFOPLIST_FILE = CloseInnerScreenAppUITests/Info.plist;
				LD_RUNPATH_SEARCH_PATHS = (
					"$(inherited)",
					"@executable_path/../Frameworks",
					"@loader_path/../Frameworks",
				);
				PRODUCT_BUNDLE_IDENTIFIER = me.yaha.CloseInnerScreenAppUITests;
				PRODUCT_NAME = "$(TARGET_NAME)";
				TEST_TARGET_NAME = CloseInnerScreenApp;
			};
			name = Release;
		};
/* End XCBuildConfiguration section */

/* Begin XCConfigurationList section */
		A72BAAA52232B03700FC61F5 /* Build configuration list for PBXProject "CloseInnerScreen" */ = {
			isa = XCConfigurationList;
			buildConfigurations = (
				A72BAAB32232B03700FC61F5 /* Debug */,
				A72BAAB42232B03700FC61F5 /* Release */,
			);
			defaultConfigurationIsVisible = 0;
			defaultConfigurationName = Release;
		};
		A72BAAF22232B1ED00FC61F5 /* Build configuration list for PBXNativeTarget "CloseInnerScreen" */ = {
			isa = XCConfigurationList;
			buildConfigurations = (
				A72BAAF32232B1ED00FC61F5 /* Debug */,
				A72BAAF42232B1ED00FC61F5 /* Release */,
			);
			defaultConfigurationIsVisible = 0;
			defaultConfigurationName = Release;
		};
		A72BAAF52232B1ED00FC61F5 /* Build configuration list for PBXNativeTarget "CloseInnerScreenAppTests" */ = {
			isa = XCConfigurationList;
			buildConfigurations = (
				A72BAAF62232B1ED00FC61F5 /* Debug */,
				A72BAAF72232B1ED00FC61F5 /* Release */,
			);
			defaultConfigurationIsVisible = 0;
			defaultConfigurationName = Release;
		};
		A72BAAF82232B1ED00FC61F5 /* Build configuration list for PBXNativeTarget "CloseInnerScreenAppUITests" */ = {
			isa = XCConfigurationList;
			buildConfigurations = (
				A72BAAF92232B1ED00FC61F5 /* Debug */,
				A72BAAFA2232B1ED00FC61F5 /* Release */,
			);
			defaultConfigurationIsVisible = 0;
			defaultConfigurationName = Release;
		};
/* End XCConfigurationList section */
	};
	rootObject = A72BAAA22232B03700FC61F5 /* Project object */;
}
